
Microsoft Visual Studio Solution File, Format Version 12.00
# Visual Studio Version 17
VisualStudioVersion = 17.5.33516.290
MinimumVisualStudioVersion = 10.0.40219.1
Project("{FAE04EC0-301F-11D3-BF4B-00C04F79EFBC}") = "Coursework", "Coursework\Coursework.csproj", "{51574F84-A1AD-46A7-95B4-4B62493BEB93}"
EndProject
Global
	GlobalSection(SolutionConfigurationPlatforms) = preSolution
		Debug|Any CPU = Debug|Any CPU
		Release|Any CPU = Release|Any CPU
	EndGlobalSection
	GlobalSection(ProjectConfigurationPlatforms) = postSolution
		{51574F84-A1AD-46A7-95B4-4B62493BEB93}.Debug|Any CPU.ActiveCfg = Debug|Any CPU
		{51574F84-A1AD-46A7-95B4-4B62493BEB93}.Debug|Any CPU.Build.0 = Debug|Any CPU
		{51574F84-A1AD-46A7-95B4-4B62493BEB93}.Release|Any CPU.ActiveCfg = Release|Any CPU
		{51574F84-A1AD-46A7-95B4-4B62493BEB93}.Release|Any CPU.Build.0 = Release|Any CPU
	EndGlobalSection
	GlobalSection(SolutionProperties) = preSolution
		HideSolutionNode = FALSE
	EndGlobalSection
	GlobalSection(ExtensibilityGlobals) = postSolution
		SolutionGuid = {5BEB7169-B436-431B-95AF-4F07D4AE5326}
	EndGlobalSection
EndGlobal
